
Microsoft Visual Studio Solution File, Format Version 12.00
# Visual Studio Version 16
VisualStudioVersion = 16.0.32106.194
MinimumVisualStudioVersion = 10.0.40219.1
Project("{FAE04EC0-301F-11D3-BF4B-00C04F79EFBC}") = "eInvoicing.DomainEntities", "eInvoicing.DomainEntities\eInvoicing.DomainEntities.csproj", "{C5A156EA-2B5B-4AE8-9879-EEDCA6AE87EC}"
EndProject
Project("{FAE04EC0-301F-11D3-BF4B-00C04F79EFBC}") = "eInvoicing.DTO", "eInvoicing.DTO\eInvoicing.DTO.csproj", "{E947C13C-95FE-4F78-97F2-A145DA81899A}"
EndProject
Project("{FAE04EC0-301F-11D3-BF4B-00C04F79EFBC}") = "eInvoicing.Persistence", "eInvoicing.Persistence\eInvoicing.Persistence.csproj", "{F814E16E-203A-4E9E-BB39-1702213AED9E}"
EndProject
Project("{FAE04EC0-301F-11D3-BF4B-00C04F79EFBC}") = "eInvoicing.Repository", "eInvoicing.Repository\eInvoicing.Repository.csproj", "{EE0A7369-A4C8-4E31-A761-BC011E904681}"
EndProject
Project("{FAE04EC0-301F-11D3-BF4B-00C04F79EFBC}") = "eInvoicing.Service", "eInvoicing.Service\eInvoicing.Service.csproj", "{9E36834C-3261-4E25-BBB7-9E554B556370}"
EndProject
Project("{FAE04EC0-301F-11D3-BF4B-00C04F79EFBC}") = "eInvoicing.Web", "eInvoicing.Web\eInvoicing.Web.csproj", "{E33797F8-AF67-429A-A1C9-4EEAB70A8562}"
EndProject
Project("{FAE04EC0-301F-11D3-BF4B-00C04F79EFBC}") = "eInvoicing.API", "eInvoicing.API\eInvoicing.API.csproj", "{E68A80E3-9952-495B-89E6-8488A5914923}"
EndProject
Project("{9A19103F-16F7-4668-BE54-9A1E7A4F7556}") = "eInvoicing.Signer", "eInvoicing.Signer\eInvoicing.Signer.csproj", "{C78BBF19-0AD0-4FB3-B411-F6F2C2B9A0D9}"
EndProject
Project("{FAE04EC0-301F-11D3-BF4B-00C04F79EFBC}") = "startup", "startup\startup.csproj", "{A524EFD9-6FCE-472E-A05A-042CB02CFE62}"
EndProject
Project("{54435603-DBB4-11D2-8724-00A0C9A8B90C}") = "efatorty.api", "efatorty.api\efatorty.api.vdproj", "{439BFC0D-B4D2-4A29-AB83-19964AB43D0A}"
EndProject
Project("{54435603-DBB4-11D2-8724-00A0C9A8B90C}") = "efatorty", "efatorty\efatorty.vdproj", "{6163CED2-B6B9-4903-85BB-D1C8A5BCB41F}"
EndProject
Project("{54435603-DBB4-11D2-8724-00A0C9A8B90C}") = "efatorty.signer", "efatorty.signer\efatorty.signer.vdproj", "{1AEC2677-46AA-4E75-A909-1611A2BF33C8}"
EndProject
Global
	GlobalSection(SolutionConfigurationPlatforms) = preSolution
		Debug|Any CPU = Debug|Any CPU
		Release|Any CPU = Release|Any CPU
	EndGlobalSection
	GlobalSection(ProjectConfigurationPlatforms) = postSolution
		{C5A156EA-2B5B-4AE8-9879-EEDCA6AE87EC}.Debug|Any CPU.ActiveCfg = Debug|Any CPU
		{C5A156EA-2B5B-4AE8-9879-EEDCA6AE87EC}.Debug|Any CPU.Build.0 = Debug|Any CPU
		{C5A156EA-2B5B-4AE8-9879-EEDCA6AE87EC}.Release|Any CPU.ActiveCfg = Release|Any CPU
		{C5A156EA-2B5B-4AE8-9879-EEDCA6AE87EC}.Release|Any CPU.Build.0 = Release|Any CPU
		{E947C13C-95FE-4F78-97F2-A145DA81899A}.Debug|Any CPU.ActiveCfg = Debug|Any CPU
		{E947C13C-95FE-4F78-97F2-A145DA81899A}.Debug|Any CPU.Build.0 = Debug|Any CPU
		{E947C13C-95FE-4F78-97F2-A145DA81899A}.Release|Any CPU.ActiveCfg = Release|Any CPU
		{E947C13C-95FE-4F78-97F2-A145DA81899A}.Release|Any CPU.Build.0 = Release|Any CPU
		{F814E16E-203A-4E9E-BB39-1702213AED9E}.Debug|Any CPU.ActiveCfg = Debug|Any CPU
		{F814E16E-203A-4E9E-BB39-1702213AED9E}.Debug|Any CPU.Build.0 = Debug|Any CPU
		{F814E16E-203A-4E9E-BB39-1702213AED9E}.Release|Any CPU.ActiveCfg = Release|Any CPU
		{F814E16E-203A-4E9E-BB39-1702213AED9E}.Release|Any CPU.Build.0 = Release|Any CPU
		{EE0A7369-A4C8-4E31-A761-BC011E904681}.Debug|Any CPU.ActiveCfg = Debug|Any CPU
		{EE0A7369-A4C8-4E31-A761-BC011E904681}.Debug|Any CPU.Build.0 = Debug|Any CPU
		{EE0A7369-A4C8-4E31-A761-BC011E904681}.Release|Any CPU.ActiveCfg = Release|Any CPU
		{EE0A7369-A4C8-4E31-A761-BC011E904681}.Release|Any CPU.Build.0 = Release|Any CPU
		{9E36834C-3261-4E25-BBB7-9E554B556370}.Debug|Any CPU.ActiveCfg = Debug|Any CPU
		{9E36834C-3261-4E25-BBB7-9E554B556370}.Debug|Any CPU.Build.0 = Debug|Any CPU
		{9E36834C-3261-4E25-BBB7-9E554B556370}.Release|Any CPU.ActiveCfg = Release|Any CPU
		{9E36834C-3261-4E25-BBB7-9E554B556370}.Release|Any CPU.Build.0 = Release|Any CPU
		{E33797F8-AF67-429A-A1C9-4EEAB70A8562}.Debug|Any CPU.ActiveCfg = Debug|Any CPU
		{E33797F8-AF67-429A-A1C9-4EEAB70A8562}.Debug|Any CPU.Build.0 = Debug|Any CPU
		{E33797F8-AF67-429A-A1C9-4EEAB70A8562}.Release|Any CPU.ActiveCfg = Release|Any CPU
		{E33797F8-AF67-429A-A1C9-4EEAB70A8562}.Release|Any CPU.Build.0 = Release|Any CPU
		{E68A80E3-9952-495B-89E6-8488A5914923}.Debug|Any CPU.ActiveCfg = Debug|Any CPU
		{E68A80E3-9952-495B-89E6-8488A5914923}.Debug|Any CPU.Build.0 = Debug|Any CPU
		{E68A80E3-9952-495B-89E6-8488A5914923}.Release|Any CPU.ActiveCfg = Release|Any CPU
		{E68A80E3-9952-495B-89E6-8488A5914923}.Release|Any CPU.Build.0 = Release|Any CPU
		{C78BBF19-0AD0-4FB3-B411-F6F2C2B9A0D9}.Debug|Any CPU.ActiveCfg = Debug|Any CPU
		{C78BBF19-0AD0-4FB3-B411-F6F2C2B9A0D9}.Debug|Any CPU.Build.0 = Debug|Any CPU
		{C78BBF19-0AD0-4FB3-B411-F6F2C2B9A0D9}.Release|Any CPU.ActiveCfg = Release|Any CPU
		{C78BBF19-0AD0-4FB3-B411-F6F2C2B9A0D9}.Release|Any CPU.Build.0 = Release|Any CPU
		{A524EFD9-6FCE-472E-A05A-042CB02CFE62}.Debug|Any CPU.ActiveCfg = Debug|Any CPU
		{A524EFD9-6FCE-472E-A05A-042CB02CFE62}.Debug|Any CPU.Build.0 = Debug|Any CPU
		{A524EFD9-6FCE-472E-A05A-042CB02CFE62}.Release|Any CPU.ActiveCfg = Release|Any CPU
		{A524EFD9-6FCE-472E-A05A-042CB02CFE62}.Release|Any CPU.Build.0 = Release|Any CPU
		{439BFC0D-B4D2-4A29-AB83-19964AB43D0A}.Debug|Any CPU.ActiveCfg = Debug
		{439BFC0D-B4D2-4A29-AB83-19964AB43D0A}.Release|Any CPU.ActiveCfg = Release
		{6163CED2-B6B9-4903-85BB-D1C8A5BCB41F}.Debug|Any CPU.ActiveCfg = Debug
		{6163CED2-B6B9-4903-85BB-D1C8A5BCB41F}.Release|Any CPU.ActiveCfg = Release
		{1AEC2677-46AA-4E75-A909-1611A2BF33C8}.Debug|Any CPU.ActiveCfg = Debug
		{1AEC2677-46AA-4E75-A909-1611A2BF33C8}.Release|Any CPU.ActiveCfg = Release
	EndGlobalSection
	GlobalSection(SolutionProperties) = preSolution
		HideSolutionNode = FALSE
	EndGlobalSection
	GlobalSection(ExtensibilityGlobals) = postSolution
		EnterpriseLibraryConfigurationToolBinariesPathV6 = packages\EnterpriseLibrary.Common.6.0.1304.0\lib\NET45;packages\EnterpriseLibrary.Data.6.0.1304.0\lib\NET45;packages\EntLibContrib.Data.OdpNet.6.0.1304.0\lib\NET45
		SolutionGuid = {3576AEEF-8E75-4572-A0AB-FAC351087D18}
		EnterpriseLibraryConfigurationToolBinariesPath = packages\Unity.2.1.505.0\lib\NET35
	EndGlobalSection
EndGlobal
